
Microsoft Visual Studio Solution File, Format Version 12.00
# Visual Studio Version 17
VisualStudioVersion = 17.3.32804.467
MinimumVisualStudioVersion = 10.0.40219.1
Project("{FAE04EC0-301F-11D3-BF4B-00C04F79EFBC}") = "Ejemplos", "Ejemplos\Ejemplos.csproj", "{EF74C719-88B5-41F4-BA30-8FF82121CA2E}"
EndProject
Global
	GlobalSection(SolutionConfigurationPlatforms) = preSolution
		Debug|Any CPU = Debug|Any CPU
		Release|Any CPU = Release|Any CPU
	EndGlobalSection
	GlobalSection(ProjectConfigurationPlatforms) = postSolution
		{EF74C719-88B5-41F4-BA30-8FF82121CA2E}.Debug|Any CPU.ActiveCfg = Debug|Any CPU
		{EF74C719-88B5-41F4-BA30-8FF82121CA2E}.Debug|Any CPU.Build.0 = Debug|Any CPU
		{EF74C719-88B5-41F4-BA30-8FF82121CA2E}.Release|Any CPU.ActiveCfg = Release|Any CPU
		{EF74C719-88B5-41F4-BA30-8FF82121CA2E}.Release|Any CPU.Build.0 = Release|Any CPU
	EndGlobalSection
	GlobalSection(SolutionProperties) = preSolution
		HideSolutionNode = FALSE
	EndGlobalSection
	GlobalSection(ExtensibilityGlobals) = postSolution
		SolutionGuid = {EA4E5A08-0EAE-4714-A989-E679A8FEBA13}
	EndGlobalSection
EndGlobal
